{
  "pins" : [
    {
      "identity" : "multitool",
      "kind" : "remoteSourceControl",
      "location" : "https://github.com/AsioOtus/multitool",
      "state" : {
        "revision" : "c28b7e8c8d3734952dfb22c922d1a46130fb9e35",
        "version" : "1.0.37"
      }
    }
  ],
  "version" : 2
}
