{
  "pins" : [
    {
      "identity" : "multitool",
      "kind" : "remoteSourceControl",
      "location" : "https://github.com/AsioOtus/multitool",
      "state" : {
        "revision" : "92072848965286c6f3ebcbdc55d53615f06ac363",
        "version" : "1.0.7"
      }
    },
    {
      "identity" : "network-util",
      "kind" : "remoteSourceControl",
      "location" : "https://github.com/AsioOtus/network-util",
      "state" : {
        "branch" : "main",
        "revision" : "a96226acb0bdb46195415815cec32b0e502007a9"
      }
    },
    {
      "identity" : "splitter-shared-models",
      "kind" : "remoteSourceControl",
      "location" : "https://github.com/AsioOtus/splitter-shared-models",
      "state" : {
        "revision" : "57fadda20a9a8efe17062b24af4de5fdfa634857",
        "version" : "0.2.20"
      }
    }
  ],
  "version" : 2
}
